
Microsoft Visual Studio Solution File, Format Version 10.00
# Visual Studio 2008
Project("{8BC9CEB8-8B4A-11D0-8D11-00A0C91BC942}") = "PaintEX", "PaintEX\PaintEX.vcproj", "{7F89172B-8FE2-4542-834F-AC8D22688159}"
EndProject
Global
	GlobalSection(SourceCodeControl) = preSolution
		SccNumberOfProjects = 2
		SccLocalPath0 = .
		SccProjectUniqueName1 = PaintEX\\PaintEX.vcproj
		SccLocalPath1 = .
		SccProjectFilePathRelativizedFromConnection1 = PaintEX\\
	EndGlobalSection
	GlobalSection(SolutionConfigurationPlatforms) = preSolution
		Debug|Win32 = Debug|Win32
		Release|Win32 = Release|Win32
	EndGlobalSection
	GlobalSection(ProjectConfigurationPlatforms) = postSolution
		{7F89172B-8FE2-4542-834F-AC8D22688159}.Debug|Win32.ActiveCfg = Debug|Win32
		{7F89172B-8FE2-4542-834F-AC8D22688159}.Debug|Win32.Build.0 = Debug|Win32
		{7F89172B-8FE2-4542-834F-AC8D22688159}.Release|Win32.ActiveCfg = Release|Win32
		{7F89172B-8FE2-4542-834F-AC8D22688159}.Release|Win32.Build.0 = Release|Win32
	EndGlobalSection
	GlobalSection(SolutionProperties) = preSolution
		HideSolutionNode = FALSE
	EndGlobalSection
EndGlobal
