<?xml version="1.0" encoding="utf-8"?>
<Project ToolsVersion="4.0" xmlns="http://schemas.microsoft.com/developer/msbuild/2003">
  <ItemGroup>
    <Filter Include="Source Files">
      <UniqueIdentifier>{4FC737F1-C7A5-4376-A066-2A32D752A2FF}</UniqueIdentifier>
      <Extensions>cpp;c;cc;cxx;def;odl;idl;hpj;bat;asm;asmx</Extensions>
    </Filter>
    <Filter Include="Header Files">
      <UniqueIdentifier>{93995380-89BD-4b04-88EB-625FBE52EBFB}</UniqueIdentifier>
      <Extensions>h;hpp;hxx;hm;inl;inc;xsd</Extensions>
    </Filter>
    <Filter Include="Resource Files">
      <UniqueIdentifier>{67DA6AB6-F800-4c08-8B7A-83BB121AAD01}</UniqueIdentifier>
      <Extensions>rc;ico;cur;bmp;dlg;rc2;rct;bin;rgs;gif;jpg;jpeg;jpe;resx;tiff;tif;png;wav</Extensions>
    </Filter>
  </ItemGroup>
  <ItemGroup>
    <ClCompile Include="source\CCircleEX.cpp">
      <Filter>Source Files</Filter>
    </ClCompile>
    <ClCompile Include="source\CGridEX.cpp">
      <Filter>Source Files</Filter>
    </ClCompile>
    <ClCompile Include="source\CLineEX.cpp">
      <Filter>Source Files</Filter>
    </ClCompile>
    <ClCompile Include="source\CRectangleEx.cpp">
      <Filter>Source Files</Filter>
    </ClCompile>
    <ClCompile Include="source\CRightTriangleEX.cpp">
      <Filter>Source Files</Filter>
    </ClCompile>
    <ClCompile Include="source\CRoundedRectEx.cpp">
      <Filter>Source Files</Filter>
    </ClCompile>
    <ClCompile Include="source\CRulerEX.cpp">
      <Filter>Source Files</Filter>
    </ClCompile>
    <ClCompile Include="source\CSelectEx.cpp">
      <Filter>Source Files</Filter>
    </ClCompile>
    <ClCompile Include="source\CShapeEX.cpp">
      <Filter>Source Files</Filter>
    </ClCompile>
    <ClCompile Include="source\CShapeListEX.cpp">
      <Filter>Source Files</Filter>
    </ClCompile>
    <ClCompile Include="source\CTextEx.cpp">
      <Filter>Source Files</Filter>
    </ClCompile>
    <ClCompile Include="source\CtriangleEx.cpp">
      <Filter>Source Files</Filter>
    </ClCompile>
    <ClCompile Include="source\PaintEX.cpp">
      <Filter>Source Files</Filter>
    </ClCompile>
    <ClCompile Include="stdafx.cpp">
      <Filter>Source Files</Filter>
    </ClCompile>
  </ItemGroup>
  <ItemGroup>
    <ClInclude Include="source\CCircleEX.h">
      <Filter>Header Files</Filter>
    </ClInclude>
    <ClInclude Include="source\CGridEX.h">
      <Filter>Header Files</Filter>
    </ClInclude>
    <ClInclude Include="source\CLineEX.h">
      <Filter>Header Files</Filter>
    </ClInclude>
    <ClInclude Include="source\CRectangleEx.h">
      <Filter>Header Files</Filter>
    </ClInclude>
    <ClInclude Include="source\CRightTriangleEX.h">
      <Filter>Header Files</Filter>
    </ClInclude>
    <ClInclude Include="source\CRoundedRectEx.h">
      <Filter>Header Files</Filter>
    </ClInclude>
    <ClInclude Include="source\CRulerEX.h">
      <Filter>Header Files</Filter>
    </ClInclude>
    <ClInclude Include="source\CSelectEx.h">
      <Filter>Header Files</Filter>
    </ClInclude>
    <ClInclude Include="source\CShapeEX.h">
      <Filter>Header Files</Filter>
    </ClInclude>
    <ClInclude Include="source\CShapeListEX.h">
      <Filter>Header Files</Filter>
    </ClInclude>
    <ClInclude Include="source\CTextEx.h">
      <Filter>Header Files</Filter>
    </ClInclude>
    <ClInclude Include="source\CtriangleEx.h">
      <Filter>Header Files</Filter>
    </ClInclude>
    <ClInclude Include="source\PaintEX.h">
      <Filter>Header Files</Filter>
    </ClInclude>
    <ClInclude Include="source\resource.h">
      <Filter>Header Files</Filter>
    </ClInclude>
    <ClInclude Include="stdafx.h">
      <Filter>Header Files</Filter>
    </ClInclude>
    <ClInclude Include="targetver.h">
      <Filter>Header Files</Filter>
    </ClInclude>
    <ClInclude Include="res\resource.h">
      <Filter>Header Files</Filter>
    </ClInclude>
  </ItemGroup>
  <ItemGroup>
    <Image Include="res\F5c.ico">
      <Filter>Resource Files</Filter>
    </Image>
    <Image Include="res\PaintEX.ico">
      <Filter>Resource Files</Filter>
    </Image>
    <Image Include="res\small.ico">
      <Filter>Resource Files</Filter>
    </Image>
    <Image Include="res\standard.bmp">
      <Filter>Resource Files</Filter>
    </Image>
    <Image Include="res\vietnam.bmp">
      <Filter>Resource Files</Filter>
    </Image>
  </ItemGroup>
  <ItemGroup>
    <ResourceCompile Include="res\PaintEX.rc">
      <Filter>Resource Files</Filter>
    </ResourceCompile>
  </ItemGroup>
  <ItemGroup>
    <Library Include="lib\ComCtl32.Lib" />
  </ItemGroup>
</Project>